github.com/robbmue/GoLoytec/client v0.0.0-20200221165142-a9c52268fba9 h1:kD/MGomQTNEXWpQTOoz470yH/8tjG5m5JEuUPeewyfQ=
github.com/robbmue/GoLoytec/client v0.0.0-20200221165142-a9c52268fba9/go.mod h1:lYbyu3ZZk10SaAWtCE0Gl525KonnQDUASf1Kwpqk+i8=
github.com/robbmue/GoLoytec/client v0.0.0-20200221170543-ebd8e3d0ddb1 h1:jVxDFGiP9gpKs2VlTmXrwsYS8TlOdE9NTUC5+d3GiJE=
github.com/robbmue/GoLoytec/client v0.0.0-20200221170543-ebd8e3d0ddb1/go.mod h1:lYbyu3ZZk10SaAWtCE0Gl525KonnQDUASf1Kwpqk+i8=
github.com/robbmue/GoLoytec/client v0.0.0-20200221170759-b4b568182645 h1:AaVQMqRnrfIrFPyIKU00H0aHtCjmi98WAYzHZaB/T2Q=
github.com/robbmue/GoLoytec/client v0.0.0-20200221170759-b4b568182645/go.mod h1:lYbyu3ZZk10SaAWtCE0Gl525KonnQDUASf1Kwpqk+i8=
github.com/robbmue/GoLoytec/client v0.0.0-20200221173815-9dac107f91b5 h1:J9W2w1iPlanYetQihphrvcNRGgwD4uh3ocDzaTcFeo8=
github.com/robbmue/GoLoytec/client v0.0.0-20200221173815-9dac107f91b5/go.mod h1:lYbyu3ZZk10SaAWtCE0Gl525KonnQDUASf1Kwpqk+i8=
github.com/robbmue/GoLoytec/client v0.0.0-20200221173929-79e235e9a4df h1:SPm6Bh4+VbJg0OcHtT2vHSsjcA3+t1TFOzhGvs6q3jI=
github.com/robbmue/GoLoytec/client v0.0.0-20200221173929-79e235e9a4df/go.mod h1:lYbyu3ZZk10SaAWtCE0Gl525KonnQDUASf1Kwpqk+i8=
github.com/robbmue/GoLoytec/client v0.0.0-20200221174017-3616aeccf4b2 h1:I9QMI036QzJImw1p3XOQUIx+i8+Q/UN8tRIBBc/F6G0=
github.com/robbmue/GoLoytec/client v0.0.0-20200221174017-3616aeccf4b2/go.mod h1:lYbyu3ZZk10SaAWtCE0Gl525KonnQDUASf1Kwpqk+i8=
github.com/robbmue/GoLoytec/client v0.0.0-20200221174918-f95a0d36312c h1:0TWE8aqUazXabDnRqtL3psVp+epnXBpxWOfx/ol6V+4=
github.com/robbmue/GoLoytec/client v0.0.0-20200221174918-f95a0d36312c/go.mod h1:lYbyu3ZZk10SaAWtCE0Gl525KonnQDUASf1Kwpqk+i8=
github.com/robbmue/GoLoytec/client v0.0.0-20200221180024-047671247e04 h1:2YMI9DS91OEzrqyZBxK3A59c6hyDTmYwtDTS2VjjAa8=
github.com/robbmue/GoLoytec/client v0.0.0-20200221180024-047671247e04/go.mod h1:lYbyu3ZZk10SaAWtCE0Gl525KonnQDUASf1Kwpqk+i8=
